GEM
  remote: https://rubygems.org/
  specs:
    addressable (2.8.8)
      public_suffix (>= 2.0.2, < 8.0)
    async (2.35.3)
      console (~> 1.29)
      fiber-annotation
      io-event (~> 1.11)
      metrics (~> 0.12)
      traces (~> 0.18)
    async-http (0.94.0)
      async (>= 2.10.2)
      async-pool (~> 0.11)
      io-endpoint (~> 0.14)
      io-stream (~> 0.6)
      metrics (~> 0.12)
      protocol-http (~> 0.58)
      protocol-http1 (~> 0.36)
      protocol-http2 (~> 0.22)
      protocol-url (~> 0.2)
      traces (~> 0.10)
    async-http-faraday (0.22.1)
      async-http (~> 0.42)
      faraday
    async-pool (0.11.1)
      async (>= 2.0)
    bigdecimal (4.0.1)
    console (1.34.2)
      fiber-annotation
      fiber-local (~> 1.1)
      json
    crack (1.0.1)
      bigdecimal
      rexml
    diff-lcs (1.6.2)
    faraday (2.14.0)
      faraday-net_http (>= 2.0, < 3.5)
      json
      logger
    faraday-net_http (3.4.2)
      net-http (~> 0.5)
    fiber-annotation (0.2.0)
    fiber-local (1.1.0)
      fiber-storage
    fiber-storage (1.0.1)
    hashdiff (1.2.1)
    http-2 (1.1.1)
    httpx (1.7.0)
      http-2 (>= 1.0.0)
    io-endpoint (0.16.0)
    io-event (1.14.2)
    io-stream (0.11.1)
    json (2.18.0)
    logger (1.7.0)
    metrics (0.15.0)
    net-http (0.9.1)
      uri (>= 0.11.1)
    protocol-hpack (1.5.1)
    protocol-http (0.58.0)
    protocol-http1 (0.36.0)
      protocol-http (~> 0.58)
    protocol-http2 (0.24.0)
      protocol-hpack (~> 1.4)
      protocol-http (~> 0.47)
    protocol-url (0.4.0)
    public_suffix (7.0.2)
    rexml (3.4.4)
    rspec (3.13.2)
      rspec-core (~> 3.13.0)
      rspec-expectations (~> 3.13.0)
      rspec-mocks (~> 3.13.0)
    rspec-core (3.13.6)
      rspec-support (~> 3.13.0)
    rspec-expectations (3.13.5)
      diff-lcs (>= 1.2.0, < 2.0)
      rspec-support (~> 3.13.0)
    rspec-mocks (3.13.7)
      diff-lcs (>= 1.2.0, < 2.0)
      rspec-support (~> 3.13.0)
    rspec-support (3.13.6)
    traces (0.18.2)
    uri (1.1.1)
    webmock (3.26.1)
      addressable (>= 2.8.0)
      crack (>= 0.3.2)
      hashdiff (>= 0.4.0, < 2.0.0)

PLATFORMS
  ruby
  x86_64-linux

DEPENDENCIES
  async (>= 2.6)
  async-http (~> 0.75)
  async-http-faraday (~> 0.19)
  http-2 (>= 1.1.1)
  httpx (>= 1.7.0)
  rspec
  webmock

BUNDLED WITH
   2.6.8
