# THIS IS AN AUTOGENERATED FILE. DO NOT EDIT THIS FILE DIRECTLY.
# yarn lockfile v1


react-on-rails@^16.1.1:
  version "16.6.0"
  resolved "https://registry.yarnpkg.com/react-on-rails/-/react-on-rails-16.6.0.tgz#da7f117fec14f420f7f6ffe6bdb34b7fc2e01b3a"
  integrity sha512-LqLi7A0n0Tv5c3yMYlwS9s6rE82gvXNMj3sscmK2LOgIJ+mLQlOX65n0Jq5ZJ4Nsl9SRgxEOOQmcrfvDeB9F1g==
