# This file is generated by running "yarn install" inside your project.
# Manual changes might be lost - proceed with caution!

__metadata:
  version: 8
  cacheKey: 10c0

"react-on-rails@npm:^16.1.1":
  version: 16.6.0
  resolution: "react-on-rails@npm:16.6.0"
  peerDependencies:
    react: ">= 16"
    react-dom: ">= 16"
  checksum: 10c0/1df524bc980850381f904f59965042dec2147d2f7eca320def0e7978ab695d45d827d074c535af162946e1c90aa6c86a4a6b02f61dd2ac463e387a5892fcb813
  languageName: node
  linkType: hard

"t@workspace:.":
  version: 0.0.0-use.local
  resolution: "t@workspace:."
  dependencies:
    react-on-rails: "npm:^16.1.1"
  languageName: unknown
  linkType: soft
