lockfileVersion: '9.0'

settings:
  autoInstallPeers: true
  excludeLinksFromLockfile: false

importers:
  .:
    devDependencies:
      '@rspack/cli':
        specifier: 2.1.3
        version: 2.1.3(@rspack/core@2.1.3)(@rspack/dev-server@2.1.0(@rspack/core@2.1.3))
      '@rspack/core':
        specifier: 2.1.3
        version: 2.1.3
      '@rspack/dev-server':
        specifier: 2.1.0
        version: 2.1.0(@rspack/core@2.1.3)
      '@vitejs/plugin-react':
        specifier: 6.0.3
        version: 6.0.3(vite@8.1.4)
      playwright:
        specifier: 1.61.1
        version: 1.61.1
      prettier:
        specifier: 3.9.5
        version: 3.9.5
      react:
        specifier: 19.2.7
        version: 19.2.7
      react-dom:
        specifier: 19.2.7
        version: 19.2.7(react@19.2.7)
      vite:
        specifier: 8.1.4
        version: 8.1.4

packages:
  '@emnapi/core@1.11.1':
    resolution:
      {
        integrity: sha512-RSvbQmHzdKzNsLYa/wHrbc3KN4sYLKAdPZxqiM2HATqv/SBk2/ENSHpvXGaLOMcsAyz0poEGqkmmKYG3OWiJEQ==,
      }

  '@emnapi/runtime@1.11.1':
    resolution:
      {
        integrity: sha512-vgj7R3y3Wgx24IQaGPA/R6YFXLHVMOZ0uVEyIQPaWs+rd1AzfEMXlAC22FYwO1XkKR6NPsq7mUandH8oIRdZFw==,
      }

  '@emnapi/wasi-threads@1.2.2':
    resolution:
      {
        integrity: sha512-c95qOXkHdydNKhscBTebqEC1CVAZpyqOfVfBzQ1qgzyl3gfeldUjIggDbIZgDKsHLgnsM+igH7TJ/eAasaVuMA==,
      }

  '@napi-rs/wasm-runtime@1.1.6':
    resolution:
      {
        integrity: sha512-ZLv/JdUfkvOy9eCnnBaGfiO+XimbjebAeO+MRQqD/B+FR1tnRN0tpKSJHRbE8sFfS6aqsXZ67TQjfwfsxULVbg==,
      }
    peerDependencies:
      '@emnapi/core': ^1.7.1
      '@emnapi/runtime': ^1.7.1

  '@oxc-project/types@0.139.0':
    resolution:
      {
        integrity: sha512-r9gHphtCs+1M7J0pw6Sn/hh/Wpa/iQrOOkrNAlVLF/gHq+/CJmHIWKKUUhdWjcD6CIa8idarspCsASiXCXvFUw==,
      }

  '@rolldown/binding-android-arm64@1.1.5':
    resolution:
      {
        integrity: sha512-lZg8fqIv2v7FF237bwMgzGZEJvGL79/s5knJ/i6FmsGF4XXlzccZ4jb+TrFIxtSSxFtIpdsgrPZeMk1I9AFcyQ==,
      }
    engines: { node: ^20.19.0 || >=22.12.0 }
    cpu: [arm64]
    os: [android]

  '@rolldown/binding-darwin-arm64@1.1.5':
    resolution:
      {
        integrity: sha512-51Bnx9pNiMRKSUNtBfySkNJ9vMU9Hh3I1ozDd6gyPPYzaXCfnptUcEZxXGYFn+ul2dtcMUiqGR1Yai2K10uoTw==,
      }
    engines: { node: ^20.19.0 || >=22.12.0 }
    cpu: [arm64]
    os: [darwin]

  '@rolldown/binding-darwin-x64@1.1.5':
    resolution:
      {
        integrity: sha512-Tm+gbfC0aHu1tBA/JvKQh32S0K6YgCHkiAF4/W6xX0K0RmNuc94VeK419dJoE65R5aRxmo+noZQSWrAMF6yb6g==,
      }
    engines: { node: ^20.19.0 || >=22.12.0 }
    cpu: [x64]
    os: [darwin]

  '@rolldown/binding-freebsd-x64@1.1.5':
    resolution:
      {
        integrity: sha512-JMzDKCCXq93YccG5gz3hvOs1oXRKAf0XYpfOS88e+wZrC8Iugj6j68867vrYZkvpDDpKn/KoKORThmchMpF6TA==,
      }
    engines: { node: ^20.19.0 || >=22.12.0 }
    cpu: [x64]
    os: [freebsd]

  '@rolldown/binding-linux-arm-gnueabihf@1.1.5':
    resolution:
      {
        integrity: sha512-uML21j2K5TfPGutKxub+M+nLjZIrWjXQ5Grx4lCe/nimTj9B4L63zHpjXLl4y0L3mcm2htEQIb06oCG/szerNw==,
      }
    engines: { node: ^20.19.0 || >=22.12.0 }
    cpu: [arm]
    os: [linux]

  '@rolldown/binding-linux-arm64-gnu@1.1.5':
    resolution:
      {
        integrity: sha512-navSiuTMogvnQoZoM/v+l3ZWo50/NTwSHSzheABx/RCnmUPaKwq9qSo4Br2OYRs21+Fz8uFqITZM3H4opOB0/Q==,
      }
    engines: { node: ^20.19.0 || >=22.12.0 }
    cpu: [arm64]
    os: [linux]
    libc: [glibc]

  '@rolldown/binding-linux-arm64-musl@1.1.5':
    resolution:
      {
        integrity: sha512-lAryqH7IteztmCXQXk0etKj4wBQ7Gx5S6LjKhsgp9zb8I5bsuvU/2llH1hDQcjsFeqIsovMVN339/8pUDDBXxA==,
      }
    engines: { node: ^20.19.0 || >=22.12.0 }
    cpu: [arm64]
    os: [linux]
    libc: [musl]

  '@rolldown/binding-linux-ppc64-gnu@1.1.5':
    resolution:
      {
        integrity: sha512-fsK/sNBnxzBlL4O1JNrZakVQxPspqpED5dLtNsZS9oOKmtSpdNIzxH2kkol5HYTWJN47sE20ztMJPxfZ89qGOg==,
      }
    engines: { node: ^20.19.0 || >=22.12.0 }
    cpu: [ppc64]
    os: [linux]
    libc: [glibc]

  '@rolldown/binding-linux-s390x-gnu@1.1.5':
    resolution:
      {
        integrity: sha512-gLYb4BIadlfTOYT5gO503n8zQjXflgzpD0FcyKh0Mzx3rqCZKnHoJWV9xe1KXUJ5lx2JfcSHr/mhzS0PC/McAA==,
      }
    engines: { node: ^20.19.0 || >=22.12.0 }
    cpu: [s390x]
    os: [linux]
    libc: [glibc]

  '@rolldown/binding-linux-x64-gnu@1.1.5':
    resolution:
      {
        integrity: sha512-FjcpEKUyJygHgs1o50VYNvkt5+7Le/VEdYt0AkRpkL33MnyQfwr8l5mXwMmfmTbyMPr5vJLC+8/Gd9gXnwU1QQ==,
      }
    engines: { node: ^20.19.0 || >=22.12.0 }
    cpu: [x64]
    os: [linux]
    libc: [glibc]

  '@rolldown/binding-linux-x64-musl@1.1.5':
    resolution:
      {
        integrity: sha512-Me+PfPI2TMeOQk0gYWfLQZtTktrmzbr8cDboqX83XKc7UrgAi55gF+2dUkWdxd19n55Essp2yeca+O9N5rBxHg==,
      }
    engines: { node: ^20.19.0 || >=22.12.0 }
    cpu: [x64]
    os: [linux]
    libc: [musl]

  '@rolldown/binding-openharmony-arm64@1.1.5':
    resolution:
      {
        integrity: sha512-yc5WrLzXks6zCQfn9Oxr8pORKyl/pF+QjHmW/Qx3qu0oyrrNC+y2JLTU1E2rcWYAmzlnqngWXHQjy51VzW70Vw==,
      }
    engines: { node: ^20.19.0 || >=22.12.0 }
    cpu: [arm64]
    os: [openharmony]

  '@rolldown/binding-wasm32-wasi@1.1.5':
    resolution:
      {
        integrity: sha512-VbQGPX2b4r48TAMIM2cjgluIM1HYutm4pcTEJsle7iEP7sB1dFqtPLBVbdLAZCxy1txCcPxf4QFf4v8uvltPqA==,
      }
    engines: { node: ^20.19.0 || >=22.12.0 }
    cpu: [wasm32]

  '@rolldown/binding-win32-arm64-msvc@1.1.5':
    resolution:
      {
        integrity: sha512-gHv82k63z4qpV5+Q1y/12KrK0ltWBukVDI8nZcbT7Tt/ZlOIVwppazneq0F93oDxTo3IgAMEDIoQh3E2n6mVsw==,
      }
    engines: { node: ^20.19.0 || >=22.12.0 }
    cpu: [arm64]
    os: [win32]

  '@rolldown/binding-win32-x64-msvc@1.1.5':
    resolution:
      {
        integrity: sha512-tTZuDBPw85tEN5PQi1pnEBzDy0Z49HtScLAbD5t6hyeU92A95pRWaSMw1GZZi/RwgSgUIl0xrSlXIT/9QzvYSA==,
      }
    engines: { node: ^20.19.0 || >=22.12.0 }
    cpu: [x64]
    os: [win32]

  '@rolldown/pluginutils@1.0.1':
    resolution:
      {
        integrity: sha512-2j9bGt5Jh8hj+vPtgzPtl72j0yRxHAyumoo6TNfAjsLB04UtpSvPbPcDcBMxz7n+9CYB0c1GxQFxYRg2jimqGw==,
      }

  '@rspack/binding-darwin-arm64@2.1.3':
    resolution:
      {
        integrity: sha512-oOGI0RSL89Ehu9T22rugmfUY9OC2eBqLMeWRYsu7bhlUrjoXeVfGBBSEXCse666BQ1sAiM8hD/k7nqVria/okQ==,
      }
    cpu: [arm64]
    os: [darwin]

  '@rspack/binding-darwin-x64@2.1.3':
    resolution:
      {
        integrity: sha512-sVqWXNiFTMXAyN362y6IA+eJc8LXZKfHdhEJ/zDuMmRp+u2IvhgaF8tk3vX/OmeB9jydVjySijuiqk8No/FoCA==,
      }
    cpu: [x64]
    os: [darwin]

  '@rspack/binding-linux-arm64-gnu@2.1.3':
    resolution:
      {
        integrity: sha512-aCy9Zli/2Qf+Ee5otXfFQ6mhv5fEyn0wIoBVmouqtJoqOO21et6UTtJ+LHLsMDolwGLyHERAljeSFSmYX3/O5A==,
      }
    cpu: [arm64]
    os: [linux]
    libc: [glibc]

  '@rspack/binding-linux-arm64-musl@2.1.3':
    resolution:
      {
        integrity: sha512-flIE7eluz0d21Fn28EVm3vPwoJooOSqtmjLFVSuOMcoCbwV9clfor195oIrAppp/W7dL/3XquFuVfrsa01Jy8Q==,
      }
    cpu: [arm64]
    os: [linux]
    libc: [musl]

  '@rspack/binding-linux-riscv64-gnu@2.1.3':
    resolution:
      {
        integrity: sha512-yojg8elye1nhsNeGncw0NrZ4pMGF7NVebR80CLg72TXyzfYwFJlFTdU5yUYb1Gy+JXIvrSCwzQt2QkyiEvmkfg==,
      }
    cpu: [riscv64]
    os: [linux]
    libc: [glibc]

  '@rspack/binding-linux-riscv64-musl@2.1.3':
    resolution:
      {
        integrity: sha512-6PvbXb3FOK4X3S5QGvoSW/sqExmsvAoPnQ/YSFrXvTphkXFezA7wnobmGBHT8JQP31hcFRzJHIZSIOKktzSzzg==,
      }
    cpu: [riscv64]
    os: [linux]
    libc: [musl]

  '@rspack/binding-linux-x64-gnu@2.1.3':
    resolution:
      {
        integrity: sha512-lMXjoGKf0SnviH596fmTszgtnXLHmWOoE90G8grG9MvKVa3pelRmfps5ewZL9s8ENf3NXRfOxIhIf/M9as6MqA==,
      }
    cpu: [x64]
    os: [linux]
    libc: [glibc]

  '@rspack/binding-linux-x64-musl@2.1.3':
    resolution:
      {
        integrity: sha512-0esT35v7pW2ZsJTMc/zDUHwpNXlPqyUCyuiLJvrAAUcdENrgOVe4DmFrgVJ2hwqI4GjeN1VBnGRJ8c+edAHH5w==,
      }
    cpu: [x64]
    os: [linux]
    libc: [musl]

  '@rspack/binding-wasm32-wasi@2.1.3':
    resolution:
      {
        integrity: sha512-UsrDjD59UEP0mhfN/Z+uTc3vLgiUvIr+mn92WC1sbQi9gtZohTYvaQYFhWuMkBqsACGcmZp704JAbbSrVrVYCA==,
      }
    cpu: [wasm32]

  '@rspack/binding-win32-arm64-msvc@2.1.3':
    resolution:
      {
        integrity: sha512-42RS/SwKBTkNvXIPZXqTn0yEFN8zwGRfRe/ly0GDvPp/KxpLMFWxJmLxgtoLompU+0UCGvV4KpcBENt3oWs6BA==,
      }
    cpu: [arm64]
    os: [win32]

  '@rspack/binding-win32-ia32-msvc@2.1.3':
    resolution:
      {
        integrity: sha512-thk43H1JHHbetNF3txcsGXeOwZi2m6Luf/uVUqNORXjxr5VV8woHAgaAx4QXVZRg70z1VDjd8mBWnHBnKI0FGA==,
      }
    cpu: [ia32]
    os: [win32]

  '@rspack/binding-win32-x64-msvc@2.1.3':
    resolution:
      {
        integrity: sha512-ObaUcj+BHo/aBL1weyM3orApaHyAR5Phr3YNEpQEifxjZbNKM1iO5X5prN4OqEv3H+7o5e/Wh9Fy3N7Vvd+psA==,
      }
    cpu: [x64]
    os: [win32]

  '@rspack/binding@2.1.3':
    resolution:
      {
        integrity: sha512-4UGXJqUHmm36tWG1GgFZz3p8sQ5JuSgWI+gq1xPPoihS41uYJL3cXuJnirTeWsmVrusmYZTQhgU3tl3VYGcJYg==,
      }

  '@rspack/cli@2.1.3':
    resolution:
      {
        integrity: sha512-TUhLdSfXiSD5D4A85pW7m4vCC/MtPk00+OK1qVtM2OGad/xTPNUtkOrvOz9CEaOLW3L7vkwo+dHc5fqkFEsFPQ==,
      }
    hasBin: true
    peerDependencies:
      '@rspack/core': ^2.0.0-0
      '@rspack/dev-server': ^2.0.0-0
    peerDependenciesMeta:
      '@rspack/dev-server':
        optional: true

  '@rspack/core@2.1.3':
    resolution:
      {
        integrity: sha512-1iGnxLrP+iyY0ZSjLZeQTaxrISpQz4yLyqJPmaF/l4uw27/dBcrloszAeLOJQ9jiv7EJtU0T5zB+LOFPpivIxA==,
      }
    engines: { node: ^20.19.0 || >=22.12.0 }
    peerDependencies:
      '@module-federation/runtime-tools': ^0.24.1 || ^2.0.0
      '@swc/helpers': ^0.5.23
    peerDependenciesMeta:
      '@module-federation/runtime-tools':
        optional: true
      '@swc/helpers':
        optional: true

  '@rspack/dev-middleware@2.0.3':
    resolution:
      {
        integrity: sha512-GxnGj9jy76G3eCPyZei81fwKLAMLZaPEEqFz1/QDYquhwi/qYZX5fekFJ1XVpuwxGEK9KSX3hxZylfwrs4cmLA==,
      }
    engines: { node: ^20.19.0 || >=22.12.0 }
    peerDependencies:
      '@rspack/core': ^2.0.0
    peerDependenciesMeta:
      '@rspack/core':
        optional: true

  '@rspack/dev-server@2.1.0':
    resolution:
      {
        integrity: sha512-WkCi6bWThVX5Ziv04srPaRoCoUY5FJolO4gqzE7xPO0XbXShsGnwn0vGD0DFfnYFcw9VSsxlmeCDV799lNYclA==,
      }
    engines: { node: ^20.19.0 || >=22.12.0 }
    peerDependencies:
      '@rspack/core': ^2.0.0
      selfsigned: ^5.0.0
    peerDependenciesMeta:
      selfsigned:
        optional: true

  '@tybys/wasm-util@0.10.3':
    resolution:
      {
        integrity: sha512-F3fo1MYrRJYL3zER0OUOmkutjr1Vp23m7OsSgp7nq4SP6OqX6C/56XFIPAl5bt3zaBRjmW7SGz3u/6LwFpYcOg==,
      }

  '@vitejs/plugin-react@6.0.3':
    resolution:
      {
        integrity: sha512-vmFvco5/QuC2f9Oj+wTk0+9XeDFkHxSamwZKYc7MxYwKICfvUvlMhqKI0VuICPltGqh1neqBKDvO4kes1ya8vg==,
      }
    engines: { node: ^20.19.0 || >=22.12.0 }
    peerDependencies:
      '@rolldown/plugin-babel': ^0.1.7 || ^0.2.0
      babel-plugin-react-compiler: ^1.0.0
      vite: ^8.0.0
    peerDependenciesMeta:
      '@rolldown/plugin-babel':
        optional: true
      babel-plugin-react-compiler:
        optional: true

  detect-libc@2.1.2:
    resolution:
      {
        integrity: sha512-Btj2BOOO83o3WyH59e8MgXsxEQVcarkUOpEYrubB0urwnN10yQ364rsiByU11nZlqWYZm05i/of7io4mzihBtQ==,
      }
    engines: { node: '>=8' }

  fdir@6.5.0:
    resolution:
      {
        integrity: sha512-tIbYtZbucOs0BRGqPJkshJUYdL+SDH7dVM8gjy+ERp3WAUjLEFJE+02kanyHtwjWOnwrKYBiwAmM0p4kLJAnXg==,
      }
    engines: { node: '>=12.0.0' }
    peerDependencies:
      picomatch: ^3 || ^4
    peerDependenciesMeta:
      picomatch:
        optional: true

  fsevents@2.3.2:
    resolution:
      {
        integrity: sha512-xiqMQR4xAeHTuB9uWm+fFRcIOgKBMiOBP+eXiyT7jsgVCq1bkVygt00oASowB7EdtpOHaaPgKt812P9ab+DDKA==,
      }
    engines: { node: ^8.16.0 || ^10.6.0 || >=11.0.0 }
    os: [darwin]

  fsevents@2.3.3:
    resolution:
      {
        integrity: sha512-5xoDfX+fL7faATnagmWPpbFtwh/R77WmMMqqHGS65C3vvB0YHrgF+B1YmZ3441tMj5n63k0212XNoJwzlhffQw==,
      }
    engines: { node: ^8.16.0 || ^10.6.0 || >=11.0.0 }
    os: [darwin]

  lightningcss-android-arm64@1.32.0:
    resolution:
      {
        integrity: sha512-YK7/ClTt4kAK0vo6w3X+Pnm0D2cf2vPHbhOXdoNti1Ga0al1P4TBZhwjATvjNwLEBCnKvjJc2jQgHXH0NEwlAg==,
      }
    engines: { node: '>= 12.0.0' }
    cpu: [arm64]
    os: [android]

  lightningcss-darwin-arm64@1.32.0:
    resolution:
      {
        integrity: sha512-RzeG9Ju5bag2Bv1/lwlVJvBE3q6TtXskdZLLCyfg5pt+HLz9BqlICO7LZM7VHNTTn/5PRhHFBSjk5lc4cmscPQ==,
      }
    engines: { node: '>= 12.0.0' }
    cpu: [arm64]
    os: [darwin]

  lightningcss-darwin-x64@1.32.0:
    resolution:
      {
        integrity: sha512-U+QsBp2m/s2wqpUYT/6wnlagdZbtZdndSmut/NJqlCcMLTWp5muCrID+K5UJ6jqD2BFshejCYXniPDbNh73V8w==,
      }
    engines: { node: '>= 12.0.0' }
    cpu: [x64]
    os: [darwin]

  lightningcss-freebsd-x64@1.32.0:
    resolution:
      {
        integrity: sha512-JCTigedEksZk3tHTTthnMdVfGf61Fky8Ji2E4YjUTEQX14xiy/lTzXnu1vwiZe3bYe0q+SpsSH/CTeDXK6WHig==,
      }
    engines: { node: '>= 12.0.0' }
    cpu: [x64]
    os: [freebsd]

  lightningcss-linux-arm-gnueabihf@1.32.0:
    resolution:
      {
        integrity: sha512-x6rnnpRa2GL0zQOkt6rts3YDPzduLpWvwAF6EMhXFVZXD4tPrBkEFqzGowzCsIWsPjqSK+tyNEODUBXeeVHSkw==,
      }
    engines: { node: '>= 12.0.0' }
    cpu: [arm]
    os: [linux]

  lightningcss-linux-arm64-gnu@1.32.0:
    resolution:
      {
        integrity: sha512-0nnMyoyOLRJXfbMOilaSRcLH3Jw5z9HDNGfT/gwCPgaDjnx0i8w7vBzFLFR1f6CMLKF8gVbebmkUN3fa/kQJpQ==,
      }
    engines: { node: '>= 12.0.0' }
    cpu: [arm64]
    os: [linux]
    libc: [glibc]

  lightningcss-linux-arm64-musl@1.32.0:
    resolution:
      {
        integrity: sha512-UpQkoenr4UJEzgVIYpI80lDFvRmPVg6oqboNHfoH4CQIfNA+HOrZ7Mo7KZP02dC6LjghPQJeBsvXhJod/wnIBg==,
      }
    engines: { node: '>= 12.0.0' }
    cpu: [arm64]
    os: [linux]
    libc: [musl]

  lightningcss-linux-x64-gnu@1.32.0:
    resolution:
      {
        integrity: sha512-V7Qr52IhZmdKPVr+Vtw8o+WLsQJYCTd8loIfpDaMRWGUZfBOYEJeyJIkqGIDMZPwPx24pUMfwSxxI8phr/MbOA==,
      }
    engines: { node: '>= 12.0.0' }
    cpu: [x64]
    os: [linux]
    libc: [glibc]

  lightningcss-linux-x64-musl@1.32.0:
    resolution:
      {
        integrity: sha512-bYcLp+Vb0awsiXg/80uCRezCYHNg1/l3mt0gzHnWV9XP1W5sKa5/TCdGWaR/zBM2PeF/HbsQv/j2URNOiVuxWg==,
      }
    engines: { node: '>= 12.0.0' }
    cpu: [x64]
    os: [linux]
    libc: [musl]

  lightningcss-win32-arm64-msvc@1.32.0:
    resolution:
      {
        integrity: sha512-8SbC8BR40pS6baCM8sbtYDSwEVQd4JlFTOlaD3gWGHfThTcABnNDBda6eTZeqbofalIJhFx0qKzgHJmcPTnGdw==,
      }
    engines: { node: '>= 12.0.0' }
    cpu: [arm64]
    os: [win32]

  lightningcss-win32-x64-msvc@1.32.0:
    resolution:
      {
        integrity: sha512-Amq9B/SoZYdDi1kFrojnoqPLxYhQ4Wo5XiL8EVJrVsB8ARoC1PWW6VGtT0WKCemjy8aC+louJnjS7U18x3b06Q==,
      }
    engines: { node: '>= 12.0.0' }
    cpu: [x64]
    os: [win32]

  lightningcss@1.32.0:
    resolution:
      {
        integrity: sha512-NXYBzinNrblfraPGyrbPoD19C1h9lfI/1mzgWYvXUTe414Gz/X1FD2XBZSZM7rRTrMA8JL3OtAaGifrIKhQ5yQ==,
      }
    engines: { node: '>= 12.0.0' }

  nanoid@3.3.16:
    resolution:
      {
        integrity: sha512-bzlKTyNJ7+LdGIIwy8ijFpIqEQIvafahV7eYykJ8Cvh42EdJeODoJ6gUJXpQJvej1BddH8OqTXZNE/KfbWAu8Q==,
      }
    engines: { node: ^10 || ^12 || ^13.7 || ^14 || >=15.0.1 }
    hasBin: true

  picocolors@1.1.1:
    resolution:
      {
        integrity: sha512-xceH2snhtb5M9liqDsmEw56le376mTZkEX/jEb/RxNFyegNul7eNslCXP9FDj/Lcu0X8KEyMceP2ntpaHrDEVA==,
      }

  picomatch@4.0.5:
    resolution:
      {
        integrity: sha512-RvwwcruNjI1ncT5xRakeyS9Lf8lcItv34KD+aif+VH9kduAyfYBipGh12274xtenIPZ119/R9BdTBa8gAwSh0A==,
      }
    engines: { node: '>=12' }

  playwright-core@1.61.1:
    resolution:
      {
        integrity: sha512-h7Qlt6m4REp25qvIdvbDtVmD4LqVXfpRxhORv9L0jzETM05p4fuPJ3dKyuSXQxDSbXnmS79HAgi9589lGSpLkg==,
      }
    engines: { node: '>=18' }
    hasBin: true

  playwright@1.61.1:
    resolution:
      {
        integrity: sha512-DWnY5o3YbLWK4GovuAVwpqL+1VwGNdUGrRr++8j8PtQQzvAVZUIMjKQ90fY689sEJZJBbZVw1rXaOKSTitkzPQ==,
      }
    engines: { node: '>=18' }
    hasBin: true

  postcss@8.5.17:
    resolution:
      {
        integrity: sha512-J7EF+8X+CzRPaJPOv9Ck2wNWJvGnnl3PcNPAdGg6GTLjyVpyQ0yATMSXRFRV01BviT/9Gwuc3rjEyJbDJG9a4w==,
      }
    engines: { node: ^10 || ^12 || >=14 }

  prettier@3.9.5:
    resolution:
      {
        integrity: sha512-/FVl766LpUfB5vXgCYOYa0MeV/441Ia99AeICQIQFTY/Nw0roZwULcXpku5i1/m5kt/baz+s4Zogspd839HSMg==,
      }
    engines: { node: '>=14' }
    hasBin: true

  react-dom@19.2.7:
    resolution:
      {
        integrity: sha512-t0BRVXvbiE/o20Hfw669rLbMCDWtYZLvmJigy2f0MxsXF+71pxhR3xOkspmsO8h3ZlNzyibAmtCa3l4lYKk6gQ==,
      }
    peerDependencies:
      react: ^19.2.7

  react@19.2.7:
    resolution:
      {
        integrity: sha512-HNe9WslTbXmFK8o8cmwgAeJFSBvt1bPdHCVKtaaV+WlAN36mpT4hcRpwbf3fY56ar2oIXzsBpOAiIRHAdY0OlQ==,
      }
    engines: { node: '>=0.10.0' }

  rolldown@1.1.5:
    resolution:
      {
        integrity: sha512-t9z29cJjXf/vxQ8dyhCSpt6H6aSwHTk8cT5I3iy6SMXuFpk5mB6PL6XfC8PCwrPTx93udwKUm9HRteAlTGBLiA==,
      }
    engines: { node: ^20.19.0 || >=22.12.0 }
    hasBin: true

  scheduler@0.27.0:
    resolution:
      {
        integrity: sha512-eNv+WrVbKu1f3vbYJT/xtiF5syA5HPIMtf9IgY/nKg0sWqzAUEvqY/xm7OcZc/qafLx/iO9FgOmeSAp4v5ti/Q==,
      }

  source-map-js@1.2.1:
    resolution:
      {
        integrity: sha512-UXWMKhLOwVKb728IUtQPXxfYU+usdybtUrK/8uGE8CQMvrhOpwvzDBwj0QhSL7MQc7vIsISBG8VQ8+IDQxpfQA==,
      }
    engines: { node: '>=0.10.0' }

  tinyglobby@0.2.17:
    resolution:
      {
        integrity: sha512-wXR/dYpcqKmfWpEdZjiKJOwCNFndD0DMnrW/cYjVGttEkBfVgcLFHoNrlj47mjOVic9yyNu65alsgF4NQyTa2g==,
      }
    engines: { node: '>=12.0.0' }

  tslib@2.8.1:
    resolution:
      {
        integrity: sha512-oJFu94HQb+KVduSUQL7wnpmqnfmLsOA/nAh6b6EH0wCEoK0/mPeXU6c3wKDV83MkOuHPRHtSXKKU99IBazS/2w==,
      }

  vite@8.1.4:
    resolution:
      {
        integrity: sha512-bTT9PsdWO+MQMNG9ZXIP/qM9wGh37DFxTV/sPq9cFpHr3w4jkgef032PkAL9jAqhk3Nz8NQw3O8n6/xFkqO4QQ==,
      }
    engines: { node: ^20.19.0 || >=22.12.0 }
    hasBin: true
    peerDependencies:
      '@types/node': ^20.19.0 || >=22.12.0
      '@vitejs/devtools': ^0.3.0
      esbuild: ^0.27.0 || ^0.28.0
      jiti: '>=1.21.0'
      less: ^4.0.0
      sass: ^1.70.0
      sass-embedded: ^1.70.0
      stylus: '>=0.54.8'
      sugarss: ^5.0.0
      terser: ^5.16.0
      tsx: ^4.8.1
      yaml: ^2.4.2
    peerDependenciesMeta:
      '@types/node':
        optional: true
      '@vitejs/devtools':
        optional: true
      esbuild:
        optional: true
      jiti:
        optional: true
      less:
        optional: true
      sass:
        optional: true
      sass-embedded:
        optional: true
      stylus:
        optional: true
      sugarss:
        optional: true
      terser:
        optional: true
      tsx:
        optional: true
      yaml:
        optional: true

snapshots:
  '@emnapi/core@1.11.1':
    dependencies:
      '@emnapi/wasi-threads': 1.2.2
      tslib: 2.8.1
    optional: true

  '@emnapi/runtime@1.11.1':
    dependencies:
      tslib: 2.8.1
    optional: true

  '@emnapi/wasi-threads@1.2.2':
    dependencies:
      tslib: 2.8.1
    optional: true

  '@napi-rs/wasm-runtime@1.1.6(@emnapi/core@1.11.1)(@emnapi/runtime@1.11.1)':
    dependencies:
      '@emnapi/core': 1.11.1
      '@emnapi/runtime': 1.11.1
      '@tybys/wasm-util': 0.10.3
    optional: true

  '@oxc-project/types@0.139.0': {}

  '@rolldown/binding-android-arm64@1.1.5':
    optional: true

  '@rolldown/binding-darwin-arm64@1.1.5':
    optional: true

  '@rolldown/binding-darwin-x64@1.1.5':
    optional: true

  '@rolldown/binding-freebsd-x64@1.1.5':
    optional: true

  '@rolldown/binding-linux-arm-gnueabihf@1.1.5':
    optional: true

  '@rolldown/binding-linux-arm64-gnu@1.1.5':
    optional: true

  '@rolldown/binding-linux-arm64-musl@1.1.5':
    optional: true

  '@rolldown/binding-linux-ppc64-gnu@1.1.5':
    optional: true

  '@rolldown/binding-linux-s390x-gnu@1.1.5':
    optional: true

  '@rolldown/binding-linux-x64-gnu@1.1.5':
    optional: true

  '@rolldown/binding-linux-x64-musl@1.1.5':
    optional: true

  '@rolldown/binding-openharmony-arm64@1.1.5':
    optional: true

  '@rolldown/binding-wasm32-wasi@1.1.5':
    dependencies:
      '@emnapi/core': 1.11.1
      '@emnapi/runtime': 1.11.1
      '@napi-rs/wasm-runtime': 1.1.6(@emnapi/core@1.11.1)(@emnapi/runtime@1.11.1)
    optional: true

  '@rolldown/binding-win32-arm64-msvc@1.1.5':
    optional: true

  '@rolldown/binding-win32-x64-msvc@1.1.5':
    optional: true

  '@rolldown/pluginutils@1.0.1': {}

  '@rspack/binding-darwin-arm64@2.1.3':
    optional: true

  '@rspack/binding-darwin-x64@2.1.3':
    optional: true

  '@rspack/binding-linux-arm64-gnu@2.1.3':
    optional: true

  '@rspack/binding-linux-arm64-musl@2.1.3':
    optional: true

  '@rspack/binding-linux-riscv64-gnu@2.1.3':
    optional: true

  '@rspack/binding-linux-riscv64-musl@2.1.3':
    optional: true

  '@rspack/binding-linux-x64-gnu@2.1.3':
    optional: true

  '@rspack/binding-linux-x64-musl@2.1.3':
    optional: true

  '@rspack/binding-wasm32-wasi@2.1.3':
    dependencies:
      '@emnapi/core': 1.11.1
      '@emnapi/runtime': 1.11.1
      '@napi-rs/wasm-runtime': 1.1.6(@emnapi/core@1.11.1)(@emnapi/runtime@1.11.1)
    optional: true

  '@rspack/binding-win32-arm64-msvc@2.1.3':
    optional: true

  '@rspack/binding-win32-ia32-msvc@2.1.3':
    optional: true

  '@rspack/binding-win32-x64-msvc@2.1.3':
    optional: true

  '@rspack/binding@2.1.3':
    optionalDependencies:
      '@rspack/binding-darwin-arm64': 2.1.3
      '@rspack/binding-darwin-x64': 2.1.3
      '@rspack/binding-linux-arm64-gnu': 2.1.3
      '@rspack/binding-linux-arm64-musl': 2.1.3
      '@rspack/binding-linux-riscv64-gnu': 2.1.3
      '@rspack/binding-linux-riscv64-musl': 2.1.3
      '@rspack/binding-linux-x64-gnu': 2.1.3
      '@rspack/binding-linux-x64-musl': 2.1.3
      '@rspack/binding-wasm32-wasi': 2.1.3
      '@rspack/binding-win32-arm64-msvc': 2.1.3
      '@rspack/binding-win32-ia32-msvc': 2.1.3
      '@rspack/binding-win32-x64-msvc': 2.1.3

  '@rspack/cli@2.1.3(@rspack/core@2.1.3)(@rspack/dev-server@2.1.0(@rspack/core@2.1.3))':
    dependencies:
      '@rspack/core': 2.1.3
    optionalDependencies:
      '@rspack/dev-server': 2.1.0(@rspack/core@2.1.3)

  '@rspack/core@2.1.3':
    dependencies:
      '@rspack/binding': 2.1.3

  '@rspack/dev-middleware@2.0.3(@rspack/core@2.1.3)':
    optionalDependencies:
      '@rspack/core': 2.1.3

  '@rspack/dev-server@2.1.0(@rspack/core@2.1.3)':
    dependencies:
      '@rspack/core': 2.1.3
      '@rspack/dev-middleware': 2.0.3(@rspack/core@2.1.3)

  '@tybys/wasm-util@0.10.3':
    dependencies:
      tslib: 2.8.1
    optional: true

  '@vitejs/plugin-react@6.0.3(vite@8.1.4)':
    dependencies:
      '@rolldown/pluginutils': 1.0.1
      vite: 8.1.4

  detect-libc@2.1.2: {}

  fdir@6.5.0(picomatch@4.0.5):
    optionalDependencies:
      picomatch: 4.0.5

  fsevents@2.3.2:
    optional: true

  fsevents@2.3.3:
    optional: true

  lightningcss-android-arm64@1.32.0:
    optional: true

  lightningcss-darwin-arm64@1.32.0:
    optional: true

  lightningcss-darwin-x64@1.32.0:
    optional: true

  lightningcss-freebsd-x64@1.32.0:
    optional: true

  lightningcss-linux-arm-gnueabihf@1.32.0:
    optional: true

  lightningcss-linux-arm64-gnu@1.32.0:
    optional: true

  lightningcss-linux-arm64-musl@1.32.0:
    optional: true

  lightningcss-linux-x64-gnu@1.32.0:
    optional: true

  lightningcss-linux-x64-musl@1.32.0:
    optional: true

  lightningcss-win32-arm64-msvc@1.32.0:
    optional: true

  lightningcss-win32-x64-msvc@1.32.0:
    optional: true

  lightningcss@1.32.0:
    dependencies:
      detect-libc: 2.1.2
    optionalDependencies:
      lightningcss-android-arm64: 1.32.0
      lightningcss-darwin-arm64: 1.32.0
      lightningcss-darwin-x64: 1.32.0
      lightningcss-freebsd-x64: 1.32.0
      lightningcss-linux-arm-gnueabihf: 1.32.0
      lightningcss-linux-arm64-gnu: 1.32.0
      lightningcss-linux-arm64-musl: 1.32.0
      lightningcss-linux-x64-gnu: 1.32.0
      lightningcss-linux-x64-musl: 1.32.0
      lightningcss-win32-arm64-msvc: 1.32.0
      lightningcss-win32-x64-msvc: 1.32.0

  nanoid@3.3.16: {}

  picocolors@1.1.1: {}

  picomatch@4.0.5: {}

  playwright-core@1.61.1: {}

  playwright@1.61.1:
    dependencies:
      playwright-core: 1.61.1
    optionalDependencies:
      fsevents: 2.3.2

  postcss@8.5.17:
    dependencies:
      nanoid: 3.3.16
      picocolors: 1.1.1
      source-map-js: 1.2.1

  prettier@3.9.5: {}

  react-dom@19.2.7(react@19.2.7):
    dependencies:
      react: 19.2.7
      scheduler: 0.27.0

  react@19.2.7: {}

  rolldown@1.1.5:
    dependencies:
      '@oxc-project/types': 0.139.0
      '@rolldown/pluginutils': 1.0.1
    optionalDependencies:
      '@rolldown/binding-android-arm64': 1.1.5
      '@rolldown/binding-darwin-arm64': 1.1.5
      '@rolldown/binding-darwin-x64': 1.1.5
      '@rolldown/binding-freebsd-x64': 1.1.5
      '@rolldown/binding-linux-arm-gnueabihf': 1.1.5
      '@rolldown/binding-linux-arm64-gnu': 1.1.5
      '@rolldown/binding-linux-arm64-musl': 1.1.5
      '@rolldown/binding-linux-ppc64-gnu': 1.1.5
      '@rolldown/binding-linux-s390x-gnu': 1.1.5
      '@rolldown/binding-linux-x64-gnu': 1.1.5
      '@rolldown/binding-linux-x64-musl': 1.1.5
      '@rolldown/binding-openharmony-arm64': 1.1.5
      '@rolldown/binding-wasm32-wasi': 1.1.5
      '@rolldown/binding-win32-arm64-msvc': 1.1.5
      '@rolldown/binding-win32-x64-msvc': 1.1.5

  scheduler@0.27.0: {}

  source-map-js@1.2.1: {}

  tinyglobby@0.2.17:
    dependencies:
      fdir: 6.5.0(picomatch@4.0.5)
      picomatch: 4.0.5

  tslib@2.8.1:
    optional: true

  vite@8.1.4:
    dependencies:
      lightningcss: 1.32.0
      picomatch: 4.0.5
      postcss: 8.5.17
      rolldown: 1.1.5
      tinyglobby: 0.2.17
    optionalDependencies:
      fsevents: 2.3.3
