# This file is generated by running "yarn install" inside your project.
# Manual changes might be lost - proceed with caution!

__metadata:
  version: 4
  cacheKey: 7

"react-on-rails@npm:^16.1.1":
  version: 16.6.0
  resolution: "react-on-rails@npm:16.6.0"
  peerDependencies:
    react: ">= 16"
    react-dom: ">= 16"
  checksum: 8cbef925118b020a4f6a6ac6de91f301c13cbbf7806db2d1915a5d2733d81a71a8bf98f5d183b28bf2b95e28c43d85faf0f4b38a33025f10a89809494f28b815
  languageName: node
  linkType: hard

"t@workspace:.":
  version: 0.0.0-use.local
  resolution: "t@workspace:."
  dependencies:
    react-on-rails: ^16.1.1
  languageName: unknown
  linkType: soft
