# THIS IS AN AUTOGENERATED FILE. DO NOT EDIT THIS FILE DIRECTLY.
# yarn lockfile v1


react-on-rails@^16.1.0:
  version "16.1.1"
  resolved "https://registry.yarnpkg.com/react-on-rails/-/react-on-rails-16.1.1.tgz#bf5e752c44381252204482342ae5722d9f45f715"
  integrity sha512-Ntw/4HSB/p9QJ1V2kc0aETzK0W0Vy0suSh0Ugs3Ctfso2ovIT2YUegJJyPtFzX9jUZSR6Q/tkmkgNgzASkO0pw==
