{
  "lockfileVersion": 2,
  "configVersion": 1,
  "workspaces": {
    "": {
      "name": "t",
      "dependencies": {
        "react-on-rails": "^16.1.1",
      },
    },
  },
  "packages": {
    "react": ["react@19.3.0", "", {}, "sha512-E8LUcbtBWt20bbl2YoHfx4ZDBdxVTfOKtCZn9cDSJ4l6/nuoApcpIBcj47t2wZoVX8g2ZHuMHbiShgCR1T5Sog=="],

    "react-dom": ["react-dom@19.3.0", "", { "dependencies": { "scheduler": "^0.28.0" }, "peerDependencies": { "react": "^19.3.0" } }, "sha512-JDk8dgif51OjFoDE70+OT9ICyYr+69HlmihNwp1+Nsfbna3t5sIiCa9ZJktDmQ4/1b/rn26hIAR2uYXDMr5r0Q=="],

    "react-on-rails": ["react-on-rails@16.6.0", "", { "peerDependencies": { "react": ">= 16", "react-dom": ">= 16" } }, "sha512-LqLi7A0n0Tv5c3yMYlwS9s6rE82gvXNMj3sscmK2LOgIJ+mLQlOX65n0Jq5ZJ4Nsl9SRgxEOOQmcrfvDeB9F1g=="],

    "scheduler": ["scheduler@0.28.0", "", {}, "sha512-juorfCmIkIw8tT+p5BXSm6PJjQF/ycEYmKyzURCIt/RaZIhL+PulbQ9Yu2z1HdOJDdqDTlxA1+xKBmHXJsczAw=="],
  }
}
