lockfileVersion: '9.0'

settings:
  autoInstallPeers: true
  excludeLinksFromLockfile: false

importers:

  .:
    dependencies:
      react-on-rails:
        specifier: ^16.1.1
        version: 16.6.0(react-dom@19.3.0(react@19.3.0))(react@19.3.0)

packages:

  react-dom@19.3.0:
    resolution: {integrity: sha512-JDk8dgif51OjFoDE70+OT9ICyYr+69HlmihNwp1+Nsfbna3t5sIiCa9ZJktDmQ4/1b/rn26hIAR2uYXDMr5r0Q==}
    peerDependencies:
      react: ^19.3.0

  react-on-rails@16.6.0:
    resolution: {integrity: sha512-LqLi7A0n0Tv5c3yMYlwS9s6rE82gvXNMj3sscmK2LOgIJ+mLQlOX65n0Jq5ZJ4Nsl9SRgxEOOQmcrfvDeB9F1g==}
    peerDependencies:
      react: '>= 16'
      react-dom: '>= 16'

  react@19.3.0:
    resolution: {integrity: sha512-E8LUcbtBWt20bbl2YoHfx4ZDBdxVTfOKtCZn9cDSJ4l6/nuoApcpIBcj47t2wZoVX8g2ZHuMHbiShgCR1T5Sog==}
    engines: {node: '>=0.10.0'}

  scheduler@0.28.0:
    resolution: {integrity: sha512-juorfCmIkIw8tT+p5BXSm6PJjQF/ycEYmKyzURCIt/RaZIhL+PulbQ9Yu2z1HdOJDdqDTlxA1+xKBmHXJsczAw==}

snapshots:

  react-dom@19.3.0(react@19.3.0):
    dependencies:
      react: 19.3.0
      scheduler: 0.28.0

  react-on-rails@16.6.0(react-dom@19.3.0(react@19.3.0))(react@19.3.0):
    dependencies:
      react: 19.3.0
      react-dom: 19.3.0(react@19.3.0)

  react@19.3.0: {}

  scheduler@0.28.0: {}
